
Microsoft Visual Studio Solution File, Format Version 12.00
# Visual Studio Version 17
VisualStudioVersion = 17.3.32922.545
MinimumVisualStudioVersion = 10.0.40219.1
Project("{8BC9CEB8-8B4A-11D0-8D11-00A0C91BC942}") = "terminal_report", "terminal_report\terminal_report.vcxproj", "{B8576350-C104-4EBB-9AA5-E80CA4B4EFBD}"
EndProject
Global
	GlobalSection(SolutionConfigurationPlatforms) = preSolution
		Debug|x64 = Debug|x64
		Debug|x86 = Debug|x86
		Release|x64 = Release|x64
		Release|x86 = Release|x86
	EndGlobalSection
	GlobalSection(ProjectConfigurationPlatforms) = postSolution
		{B8576350-C104-4EBB-9AA5-E80CA4B4EFBD}.Debug|x64.ActiveCfg = Debug|x64
		{B8576350-C104-4EBB-9AA5-E80CA4B4EFBD}.Debug|x64.Build.0 = Debug|x64
		{B8576350-C104-4EBB-9AA5-E80CA4B4EFBD}.Debug|x86.ActiveCfg = Debug|Win32
		{B8576350-C104-4EBB-9AA5-E80CA4B4EFBD}.Debug|x86.Build.0 = Debug|Win32
		{B8576350-C104-4EBB-9AA5-E80CA4B4EFBD}.Release|x64.ActiveCfg = Release|x64
		{B8576350-C104-4EBB-9AA5-E80CA4B4EFBD}.Release|x64.Build.0 = Release|x64
		{B8576350-C104-4EBB-9AA5-E80CA4B4EFBD}.Release|x86.ActiveCfg = Release|Win32
		{B8576350-C104-4EBB-9AA5-E80CA4B4EFBD}.Release|x86.Build.0 = Release|Win32
	EndGlobalSection
	GlobalSection(SolutionProperties) = preSolution
		HideSolutionNode = FALSE
	EndGlobalSection
	GlobalSection(ExtensibilityGlobals) = postSolution
		SolutionGuid = {AB44412D-1EB4-4A84-A2E2-A061A1B8D5E2}
	EndGlobalSection
EndGlobal
